
Microsoft Visual Studio Solution File, Format Version 12.00
# Visual Studio 15
Project("{FAE04EC0-301F-11D3-BF4B-00C04F79EFBC}") = "Oculus.Platform", "Oculus.Platform.csproj", "{1640B9AD-B7ED-A7B3-BA96-A8784B6F7E1F}"
EndProject
Project("{FAE04EC0-301F-11D3-BF4B-00C04F79EFBC}") = "Assembly-CSharp", "Assembly-CSharp.csproj", "{F77B3E40-1E61-D648-CBF6-780E38E0776D}"
EndProject
Project("{FAE04EC0-301F-11D3-BF4B-00C04F79EFBC}") = "Oculus.Spatializer", "Oculus.Spatializer.csproj", "{0B69C70C-6B30-2B49-C04D-02C30BF74405}"
EndProject
Project("{FAE04EC0-301F-11D3-BF4B-00C04F79EFBC}") = "Oculus.Interaction", "Oculus.Interaction.csproj", "{3DBB92AD-7FE8-8F94-7E79-C1140D665F1A}"
EndProject
Project("{FAE04EC0-301F-11D3-BF4B-00C04F79EFBC}") = "Meta.WitAi", "Meta.WitAi.csproj", "{4787E17A-EFB0-9B45-6CE3-FB5A87D2B89C}"
EndProject
Project("{FAE04EC0-301F-11D3-BF4B-00C04F79EFBC}") = "Facebook.Wit.Dictation", "Facebook.Wit.Dictation.csproj", "{6D875A75-6559-CDFB-8C77-0B8D810209A7}"
EndProject
Project("{FAE04EC0-301F-11D3-BF4B-00C04F79EFBC}") = "Oculus.Interaction.OVR.Samples", "Oculus.Interaction.OVR.Samples.csproj", "{972E6D6C-3B01-C098-BEE4-3BB8B9DFB4AA}"
EndProject
Project("{FAE04EC0-301F-11D3-BF4B-00C04F79EFBC}") = "Oculus.AudioManager", "Oculus.AudioManager.csproj", "{F107DA3D-5413-BC9B-16AF-4C0FCC507C54}"
EndProject
Project("{FAE04EC0-301F-11D3-BF4B-00C04F79EFBC}") = "Oculus.VR", "Oculus.VR.csproj", "{A562B1D5-3684-FB8D-2858-B517CF2EA864}"
EndProject
Project("{FAE04EC0-301F-11D3-BF4B-00C04F79EFBC}") = "VoiceSDK.Runtime", "VoiceSDK.Runtime.csproj", "{24A056D9-F204-32B0-D27A-5245E5A1DCFB}"
EndProject
Project("{FAE04EC0-301F-11D3-BF4B-00C04F79EFBC}") = "VoiceSDK.Dictation.Runtime", "VoiceSDK.Dictation.Runtime.csproj", "{4DAFAED5-C0A5-F82B-50D7-6CF50E4146F2}"
EndProject
Project("{FAE04EC0-301F-11D3-BF4B-00C04F79EFBC}") = "Meta.WitAi.TTS", "Meta.WitAi.TTS.csproj", "{7F2D72BB-CB78-6938-D208-103DA1818BB4}"
EndProject
Project("{FAE04EC0-301F-11D3-BF4B-00C04F79EFBC}") = "Oculus.Voice.Demo", "Oculus.Voice.Demo.csproj", "{5BE0E361-7526-3009-32C9-E7F73AAA72F9}"
EndProject
Project("{FAE04EC0-301F-11D3-BF4B-00C04F79EFBC}") = "Oculus.Interaction.OVR", "Oculus.Interaction.OVR.csproj", "{D7621519-3850-8374-EBA9-F96B6AE7EC3B}"
EndProject
Project("{FAE04EC0-301F-11D3-BF4B-00C04F79EFBC}") = "Meta.WitAi.Lib", "Meta.WitAi.Lib.csproj", "{E29849DC-7442-ADF2-0B4D-B7E6EC9DCE71}"
EndProject
Project("{FAE04EC0-301F-11D3-BF4B-00C04F79EFBC}") = "Meta.WitAi.TTS.Samples", "Meta.WitAi.TTS.Samples.csproj", "{45B5AF3E-CC31-57B2-A920-5D2EF716931D}"
EndProject
Project("{FAE04EC0-301F-11D3-BF4B-00C04F79EFBC}") = "AssistantCoreSDKRuntime", "AssistantCoreSDKRuntime.csproj", "{22D7739A-5010-BFC0-B015-72F0211A6A75}"
EndProject
Project("{FAE04EC0-301F-11D3-BF4B-00C04F79EFBC}") = "Meta.WitAi.Conduit", "Meta.WitAi.Conduit.csproj", "{F4754A4D-557F-6B85-936F-7FFA9BEBB7EA}"
EndProject
Project("{FAE04EC0-301F-11D3-BF4B-00C04F79EFBC}") = "Oculus.LipSync", "Oculus.LipSync.csproj", "{58F9BF58-FF03-DA29-0700-6A0F9801D13F}"
EndProject
Project("{FAE04EC0-301F-11D3-BF4B-00C04F79EFBC}") = "Meta.VoiceSDK.Mic.Common", "Meta.VoiceSDK.Mic.Common.csproj", "{22EC2A1C-90B3-0857-6658-F58DE7326772}"
EndProject
Project("{FAE04EC0-301F-11D3-BF4B-00C04F79EFBC}") = "Meta.VoiceSDK.Mic.Other", "Meta.VoiceSDK.Mic.Other.csproj", "{8F7D9495-5ED2-DB14-8129-0DE8E7EC0415}"
EndProject
Project("{FAE04EC0-301F-11D3-BF4B-00C04F79EFBC}") = "Oculus.Platform.Editor", "Oculus.Platform.Editor.csproj", "{2D94A036-3597-477D-4B77-4B6D112C491B}"
EndProject
Project("{FAE04EC0-301F-11D3-BF4B-00C04F79EFBC}") = "Meta.WitAi.Editor", "Meta.WitAi.Editor.csproj", "{A358967F-8074-B86F-0147-0BFCE4C58929}"
EndProject
Project("{FAE04EC0-301F-11D3-BF4B-00C04F79EFBC}") = "Meta.WitAi.Conduit.Editor", "Meta.WitAi.Conduit.Editor.csproj", "{BBE6298A-753C-BD50-80BC-E048358ED9FF}"
EndProject
Project("{FAE04EC0-301F-11D3-BF4B-00C04F79EFBC}") = "Oculus.AudioManager.Audio.Editor", "Oculus.AudioManager.Audio.Editor.csproj", "{79673497-0F9E-7547-AA62-78FC14CFB488}"
EndProject
Project("{FAE04EC0-301F-11D3-BF4B-00C04F79EFBC}") = "Oculus.Interaction.Editor", "Oculus.Interaction.Editor.csproj", "{5F9DE8C6-5D09-5D96-C70C-5BD78762ECAA}"
EndProject
Project("{FAE04EC0-301F-11D3-BF4B-00C04F79EFBC}") = "Oculus.VR.Editor", "Oculus.VR.Editor.csproj", "{F4C93A12-CB86-FD82-4773-E607B1C94CDB}"
EndProject
Project("{FAE04EC0-301F-11D3-BF4B-00C04F79EFBC}") = "Meta.WitAI.Lib.Editor", "Meta.WitAI.Lib.Editor.csproj", "{6EE9D5DD-63D2-0632-804D-EE39AA3D4801}"
EndProject
Project("{FAE04EC0-301F-11D3-BF4B-00C04F79EFBC}") = "Oculus.VR.Scripts.Editor", "Oculus.VR.Scripts.Editor.csproj", "{BE5885FE-7E8B-87C2-026B-4DAFD578A563}"
EndProject
Project("{FAE04EC0-301F-11D3-BF4B-00C04F79EFBC}") = "Oculus.LipSync.Editor", "Oculus.LipSync.Editor.csproj", "{D86AE335-4EE2-DA05-4B1F-8B422D9F20E3}"
EndProject
Project("{FAE04EC0-301F-11D3-BF4B-00C04F79EFBC}") = "Oculus.Interaction.InterfaceSupport", "Oculus.Interaction.InterfaceSupport.csproj", "{E3594F78-2641-EA74-C2AD-D5B4583CBC19}"
EndProject
Project("{FAE04EC0-301F-11D3-BF4B-00C04F79EFBC}") = "Oculus.Interaction.OVR.Editor", "Oculus.Interaction.OVR.Editor.csproj", "{C08C70DA-4426-0E15-EFCE-7058E0BA0E05}"
EndProject
Project("{FAE04EC0-301F-11D3-BF4B-00C04F79EFBC}") = "Assembly-CSharp-Editor", "Assembly-CSharp-Editor.csproj", "{182A5544-BDAA-9500-C3AF-B2DCDAAC4F06}"
EndProject
Project("{FAE04EC0-301F-11D3-BF4B-00C04F79EFBC}") = "Oculus.Interaction.Samples.Editor", "Oculus.Interaction.Samples.Editor.csproj", "{F6D08B47-7421-5170-4407-EFEBBD58AE1B}"
EndProject
Project("{FAE04EC0-301F-11D3-BF4B-00C04F79EFBC}") = "VoiceSDK.Editor", "VoiceSDK.Editor.csproj", "{1D859A69-2977-0762-6019-5F512D574364}"
EndProject
Project("{FAE04EC0-301F-11D3-BF4B-00C04F79EFBC}") = "AssistantCoreSDKEditor", "AssistantCoreSDKEditor.csproj", "{C8D5B78C-44E8-66DE-69AA-EAE895DED3CF}"
EndProject
Project("{FAE04EC0-301F-11D3-BF4B-00C04F79EFBC}") = "Oculus.Spatializer.Editor", "Oculus.Spatializer.Editor.csproj", "{5D4FB036-D8A9-B3C9-06CA-0D33392520C5}"
EndProject
Project("{FAE04EC0-301F-11D3-BF4B-00C04F79EFBC}") = "Meta.WitAi.TTS.Editor", "Meta.WitAi.TTS.Editor.csproj", "{F47374FD-BF78-24D4-EE31-5D2FD09B8A11}"
EndProject
Project("{FAE04EC0-301F-11D3-BF4B-00C04F79EFBC}") = "Facebook.Wit.Dictation.Editor", "Facebook.Wit.Dictation.Editor.csproj", "{0D997F57-DCE7-CB03-1318-A3A232D0F741}"
EndProject
Project("{FAE04EC0-301F-11D3-BF4B-00C04F79EFBC}") = "VoiceSDK.Dictation.Editor", "VoiceSDK.Dictation.Editor.csproj", "{2E98F1E2-8082-D419-C2D1-CCDAC0DC56F0}"
EndProject
Project("{FAE04EC0-301F-11D3-BF4B-00C04F79EFBC}") = "Oculus.AudioManager.Utils.Editor", "Oculus.AudioManager.Utils.Editor.csproj", "{99BCD6D4-BEB9-58D4-D9BE-10CF03F35FEC}"
EndProject
Global
	GlobalSection(SolutionConfigurationPlatforms) = preSolution
		Debug|Any CPU = Debug|Any CPU
		Release|Any CPU = Release|Any CPU
	EndGlobalSection
	GlobalSection(ProjectConfigurationPlatforms) = postSolution
		{1640B9AD-B7ED-A7B3-BA96-A8784B6F7E1F}.Debug|Any CPU.ActiveCfg = Debug|Any CPU
		{1640B9AD-B7ED-A7B3-BA96-A8784B6F7E1F}.Debug|Any CPU.Build.0 = Debug|Any CPU
		{1640B9AD-B7ED-A7B3-BA96-A8784B6F7E1F}.Release|Any CPU.ActiveCfg = Release|Any CPU
		{1640B9AD-B7ED-A7B3-BA96-A8784B6F7E1F}.Release|Any CPU.Build.0 = Release|Any CPU
		{F77B3E40-1E61-D648-CBF6-780E38E0776D}.Debug|Any CPU.ActiveCfg = Debug|Any CPU
		{F77B3E40-1E61-D648-CBF6-780E38E0776D}.Debug|Any CPU.Build.0 = Debug|Any CPU
		{F77B3E40-1E61-D648-CBF6-780E38E0776D}.Release|Any CPU.ActiveCfg = Release|Any CPU
		{F77B3E40-1E61-D648-CBF6-780E38E0776D}.Release|Any CPU.Build.0 = Release|Any CPU
		{0B69C70C-6B30-2B49-C04D-02C30BF74405}.Debug|Any CPU.ActiveCfg = Debug|Any CPU
		{0B69C70C-6B30-2B49-C04D-02C30BF74405}.Debug|Any CPU.Build.0 = Debug|Any CPU
		{0B69C70C-6B30-2B49-C04D-02C30BF74405}.Release|Any CPU.ActiveCfg = Release|Any CPU
		{0B69C70C-6B30-2B49-C04D-02C30BF74405}.Release|Any CPU.Build.0 = Release|Any CPU
		{3DBB92AD-7FE8-8F94-7E79-C1140D665F1A}.Debug|Any CPU.ActiveCfg = Debug|Any CPU
		{3DBB92AD-7FE8-8F94-7E79-C1140D665F1A}.Debug|Any CPU.Build.0 = Debug|Any CPU
		{3DBB92AD-7FE8-8F94-7E79-C1140D665F1A}.Release|Any CPU.ActiveCfg = Release|Any CPU
		{3DBB92AD-7FE8-8F94-7E79-C1140D665F1A}.Release|Any CPU.Build.0 = Release|Any CPU
		{4787E17A-EFB0-9B45-6CE3-FB5A87D2B89C}.Debug|Any CPU.ActiveCfg = Debug|Any CPU
		{4787E17A-EFB0-9B45-6CE3-FB5A87D2B89C}.Debug|Any CPU.Build.0 = Debug|Any CPU
		{4787E17A-EFB0-9B45-6CE3-FB5A87D2B89C}.Release|Any CPU.ActiveCfg = Release|Any CPU
		{4787E17A-EFB0-9B45-6CE3-FB5A87D2B89C}.Release|Any CPU.Build.0 = Release|Any CPU
		{6D875A75-6559-CDFB-8C77-0B8D810209A7}.Debug|Any CPU.ActiveCfg = Debug|Any CPU
		{6D875A75-6559-CDFB-8C77-0B8D810209A7}.Debug|Any CPU.Build.0 = Debug|Any CPU
		{6D875A75-6559-CDFB-8C77-0B8D810209A7}.Release|Any CPU.ActiveCfg = Release|Any CPU
		{6D875A75-6559-CDFB-8C77-0B8D810209A7}.Release|Any CPU.Build.0 = Release|Any CPU
		{972E6D6C-3B01-C098-BEE4-3BB8B9DFB4AA}.Debug|Any CPU.ActiveCfg = Debug|Any CPU
		{972E6D6C-3B01-C098-BEE4-3BB8B9DFB4AA}.Debug|Any CPU.Build.0 = Debug|Any CPU
		{972E6D6C-3B01-C098-BEE4-3BB8B9DFB4AA}.Release|Any CPU.ActiveCfg = Release|Any CPU
		{972E6D6C-3B01-C098-BEE4-3BB8B9DFB4AA}.Release|Any CPU.Build.0 = Release|Any CPU
		{F107DA3D-5413-BC9B-16AF-4C0FCC507C54}.Debug|Any CPU.ActiveCfg = Debug|Any CPU
		{F107DA3D-5413-BC9B-16AF-4C0FCC507C54}.Debug|Any CPU.Build.0 = Debug|Any CPU
		{F107DA3D-5413-BC9B-16AF-4C0FCC507C54}.Release|Any CPU.ActiveCfg = Release|Any CPU
		{F107DA3D-5413-BC9B-16AF-4C0FCC507C54}.Release|Any CPU.Build.0 = Release|Any CPU
		{A562B1D5-3684-FB8D-2858-B517CF2EA864}.Debug|Any CPU.ActiveCfg = Debug|Any CPU
		{A562B1D5-3684-FB8D-2858-B517CF2EA864}.Debug|Any CPU.Build.0 = Debug|Any CPU
		{A562B1D5-3684-FB8D-2858-B517CF2EA864}.Release|Any CPU.ActiveCfg = Release|Any CPU
		{A562B1D5-3684-FB8D-2858-B517CF2EA864}.Release|Any CPU.Build.0 = Release|Any CPU
		{24A056D9-F204-32B0-D27A-5245E5A1DCFB}.Debug|Any CPU.ActiveCfg = Debug|Any CPU
		{24A056D9-F204-32B0-D27A-5245E5A1DCFB}.Debug|Any CPU.Build.0 = Debug|Any CPU
		{24A056D9-F204-32B0-D27A-5245E5A1DCFB}.Release|Any CPU.ActiveCfg = Release|Any CPU
		{24A056D9-F204-32B0-D27A-5245E5A1DCFB}.Release|Any CPU.Build.0 = Release|Any CPU
		{4DAFAED5-C0A5-F82B-50D7-6CF50E4146F2}.Debug|Any CPU.ActiveCfg = Debug|Any CPU
		{4DAFAED5-C0A5-F82B-50D7-6CF50E4146F2}.Debug|Any CPU.Build.0 = Debug|Any CPU
		{4DAFAED5-C0A5-F82B-50D7-6CF50E4146F2}.Release|Any CPU.ActiveCfg = Release|Any CPU
		{4DAFAED5-C0A5-F82B-50D7-6CF50E4146F2}.Release|Any CPU.Build.0 = Release|Any CPU
		{7F2D72BB-CB78-6938-D208-103DA1818BB4}.Debug|Any CPU.ActiveCfg = Debug|Any CPU
		{7F2D72BB-CB78-6938-D208-103DA1818BB4}.Debug|Any CPU.Build.0 = Debug|Any CPU
		{7F2D72BB-CB78-6938-D208-103DA1818BB4}.Release|Any CPU.ActiveCfg = Release|Any CPU
		{7F2D72BB-CB78-6938-D208-103DA1818BB4}.Release|Any CPU.Build.0 = Release|Any CPU
		{5BE0E361-7526-3009-32C9-E7F73AAA72F9}.Debug|Any CPU.ActiveCfg = Debug|Any CPU
		{5BE0E361-7526-3009-32C9-E7F73AAA72F9}.Debug|Any CPU.Build.0 = Debug|Any CPU
		{5BE0E361-7526-3009-32C9-E7F73AAA72F9}.Release|Any CPU.ActiveCfg = Release|Any CPU
		{5BE0E361-7526-3009-32C9-E7F73AAA72F9}.Release|Any CPU.Build.0 = Release|Any CPU
		{D7621519-3850-8374-EBA9-F96B6AE7EC3B}.Debug|Any CPU.ActiveCfg = Debug|Any CPU
		{D7621519-3850-8374-EBA9-F96B6AE7EC3B}.Debug|Any CPU.Build.0 = Debug|Any CPU
		{D7621519-3850-8374-EBA9-F96B6AE7EC3B}.Release|Any CPU.ActiveCfg = Release|Any CPU
		{D7621519-3850-8374-EBA9-F96B6AE7EC3B}.Release|Any CPU.Build.0 = Release|Any CPU
		{E29849DC-7442-ADF2-0B4D-B7E6EC9DCE71}.Debug|Any CPU.ActiveCfg = Debug|Any CPU
		{E29849DC-7442-ADF2-0B4D-B7E6EC9DCE71}.Debug|Any CPU.Build.0 = Debug|Any CPU
		{E29849DC-7442-ADF2-0B4D-B7E6EC9DCE71}.Release|Any CPU.ActiveCfg = Release|Any CPU
		{E29849DC-7442-ADF2-0B4D-B7E6EC9DCE71}.Release|Any CPU.Build.0 = Release|Any CPU
		{45B5AF3E-CC31-57B2-A920-5D2EF716931D}.Debug|Any CPU.ActiveCfg = Debug|Any CPU
		{45B5AF3E-CC31-57B2-A920-5D2EF716931D}.Debug|Any CPU.Build.0 = Debug|Any CPU
		{45B5AF3E-CC31-57B2-A920-5D2EF716931D}.Release|Any CPU.ActiveCfg = Release|Any CPU
		{45B5AF3E-CC31-57B2-A920-5D2EF716931D}.Release|Any CPU.Build.0 = Release|Any CPU
		{22D7739A-5010-BFC0-B015-72F0211A6A75}.Debug|Any CPU.ActiveCfg = Debug|Any CPU
		{22D7739A-5010-BFC0-B015-72F0211A6A75}.Debug|Any CPU.Build.0 = Debug|Any CPU
		{22D7739A-5010-BFC0-B015-72F0211A6A75}.Release|Any CPU.ActiveCfg = Release|Any CPU
		{22D7739A-5010-BFC0-B015-72F0211A6A75}.Release|Any CPU.Build.0 = Release|Any CPU
		{F4754A4D-557F-6B85-936F-7FFA9BEBB7EA}.Debug|Any CPU.ActiveCfg = Debug|Any CPU
		{F4754A4D-557F-6B85-936F-7FFA9BEBB7EA}.Debug|Any CPU.Build.0 = Debug|Any CPU
		{F4754A4D-557F-6B85-936F-7FFA9BEBB7EA}.Release|Any CPU.ActiveCfg = Release|Any CPU
		{F4754A4D-557F-6B85-936F-7FFA9BEBB7EA}.Release|Any CPU.Build.0 = Release|Any CPU
		{58F9BF58-FF03-DA29-0700-6A0F9801D13F}.Debug|Any CPU.ActiveCfg = Debug|Any CPU
		{58F9BF58-FF03-DA29-0700-6A0F9801D13F}.Debug|Any CPU.Build.0 = Debug|Any CPU
		{58F9BF58-FF03-DA29-0700-6A0F9801D13F}.Release|Any CPU.ActiveCfg = Release|Any CPU
		{58F9BF58-FF03-DA29-0700-6A0F9801D13F}.Release|Any CPU.Build.0 = Release|Any CPU
		{22EC2A1C-90B3-0857-6658-F58DE7326772}.Debug|Any CPU.ActiveCfg = Debug|Any CPU
		{22EC2A1C-90B3-0857-6658-F58DE7326772}.Debug|Any CPU.Build.0 = Debug|Any CPU
		{22EC2A1C-90B3-0857-6658-F58DE7326772}.Release|Any CPU.ActiveCfg = Release|Any CPU
		{22EC2A1C-90B3-0857-6658-F58DE7326772}.Release|Any CPU.Build.0 = Release|Any CPU
		{8F7D9495-5ED2-DB14-8129-0DE8E7EC0415}.Debug|Any CPU.ActiveCfg = Debug|Any CPU
		{8F7D9495-5ED2-DB14-8129-0DE8E7EC0415}.Debug|Any CPU.Build.0 = Debug|Any CPU
		{8F7D9495-5ED2-DB14-8129-0DE8E7EC0415}.Release|Any CPU.ActiveCfg = Release|Any CPU
		{8F7D9495-5ED2-DB14-8129-0DE8E7EC0415}.Release|Any CPU.Build.0 = Release|Any CPU
		{2D94A036-3597-477D-4B77-4B6D112C491B}.Debug|Any CPU.ActiveCfg = Debug|Any CPU
		{2D94A036-3597-477D-4B77-4B6D112C491B}.Debug|Any CPU.Build.0 = Debug|Any CPU
		{2D94A036-3597-477D-4B77-4B6D112C491B}.Release|Any CPU.ActiveCfg = Release|Any CPU
		{2D94A036-3597-477D-4B77-4B6D112C491B}.Release|Any CPU.Build.0 = Release|Any CPU
		{A358967F-8074-B86F-0147-0BFCE4C58929}.Debug|Any CPU.ActiveCfg = Debug|Any CPU
		{A358967F-8074-B86F-0147-0BFCE4C58929}.Debug|Any CPU.Build.0 = Debug|Any CPU
		{A358967F-8074-B86F-0147-0BFCE4C58929}.Release|Any CPU.ActiveCfg = Release|Any CPU
		{A358967F-8074-B86F-0147-0BFCE4C58929}.Release|Any CPU.Build.0 = Release|Any CPU
		{BBE6298A-753C-BD50-80BC-E048358ED9FF}.Debug|Any CPU.ActiveCfg = Debug|Any CPU
		{BBE6298A-753C-BD50-80BC-E048358ED9FF}.Debug|Any CPU.Build.0 = Debug|Any CPU
		{BBE6298A-753C-BD50-80BC-E048358ED9FF}.Release|Any CPU.ActiveCfg = Release|Any CPU
		{BBE6298A-753C-BD50-80BC-E048358ED9FF}.Release|Any CPU.Build.0 = Release|Any CPU
		{79673497-0F9E-7547-AA62-78FC14CFB488}.Debug|Any CPU.ActiveCfg = Debug|Any CPU
		{79673497-0F9E-7547-AA62-78FC14CFB488}.Debug|Any CPU.Build.0 = Debug|Any CPU
		{79673497-0F9E-7547-AA62-78FC14CFB488}.Release|Any CPU.ActiveCfg = Release|Any CPU
		{79673497-0F9E-7547-AA62-78FC14CFB488}.Release|Any CPU.Build.0 = Release|Any CPU
		{5F9DE8C6-5D09-5D96-C70C-5BD78762ECAA}.Debug|Any CPU.ActiveCfg = Debug|Any CPU
		{5F9DE8C6-5D09-5D96-C70C-5BD78762ECAA}.Debug|Any CPU.Build.0 = Debug|Any CPU
		{5F9DE8C6-5D09-5D96-C70C-5BD78762ECAA}.Release|Any CPU.ActiveCfg = Release|Any CPU
		{5F9DE8C6-5D09-5D96-C70C-5BD78762ECAA}.Release|Any CPU.Build.0 = Release|Any CPU
		{F4C93A12-CB86-FD82-4773-E607B1C94CDB}.Debug|Any CPU.ActiveCfg = Debug|Any CPU
		{F4C93A12-CB86-FD82-4773-E607B1C94CDB}.Debug|Any CPU.Build.0 = Debug|Any CPU
		{F4C93A12-CB86-FD82-4773-E607B1C94CDB}.Release|Any CPU.ActiveCfg = Release|Any CPU
		{F4C93A12-CB86-FD82-4773-E607B1C94CDB}.Release|Any CPU.Build.0 = Release|Any CPU
		{6EE9D5DD-63D2-0632-804D-EE39AA3D4801}.Debug|Any CPU.ActiveCfg = Debug|Any CPU
		{6EE9D5DD-63D2-0632-804D-EE39AA3D4801}.Debug|Any CPU.Build.0 = Debug|Any CPU
		{6EE9D5DD-63D2-0632-804D-EE39AA3D4801}.Release|Any CPU.ActiveCfg = Release|Any CPU
		{6EE9D5DD-63D2-0632-804D-EE39AA3D4801}.Release|Any CPU.Build.0 = Release|Any CPU
		{BE5885FE-7E8B-87C2-026B-4DAFD578A563}.Debug|Any CPU.ActiveCfg = Debug|Any CPU
		{BE5885FE-7E8B-87C2-026B-4DAFD578A563}.Debug|Any CPU.Build.0 = Debug|Any CPU
		{BE5885FE-7E8B-87C2-026B-4DAFD578A563}.Release|Any CPU.ActiveCfg = Release|Any CPU
		{BE5885FE-7E8B-87C2-026B-4DAFD578A563}.Release|Any CPU.Build.0 = Release|Any CPU
		{D86AE335-4EE2-DA05-4B1F-8B422D9F20E3}.Debug|Any CPU.ActiveCfg = Debug|Any CPU
		{D86AE335-4EE2-DA05-4B1F-8B422D9F20E3}.Debug|Any CPU.Build.0 = Debug|Any CPU
		{D86AE335-4EE2-DA05-4B1F-8B422D9F20E3}.Release|Any CPU.ActiveCfg = Release|Any CPU
		{D86AE335-4EE2-DA05-4B1F-8B422D9F20E3}.Release|Any CPU.Build.0 = Release|Any CPU
		{E3594F78-2641-EA74-C2AD-D5B4583CBC19}.Debug|Any CPU.ActiveCfg = Debug|Any CPU
		{E3594F78-2641-EA74-C2AD-D5B4583CBC19}.Debug|Any CPU.Build.0 = Debug|Any CPU
		{E3594F78-2641-EA74-C2AD-D5B4583CBC19}.Release|Any CPU.ActiveCfg = Release|Any CPU
		{E3594F78-2641-EA74-C2AD-D5B4583CBC19}.Release|Any CPU.Build.0 = Release|Any CPU
		{C08C70DA-4426-0E15-EFCE-7058E0BA0E05}.Debug|Any CPU.ActiveCfg = Debug|Any CPU
		{C08C70DA-4426-0E15-EFCE-7058E0BA0E05}.Debug|Any CPU.Build.0 = Debug|Any CPU
		{C08C70DA-4426-0E15-EFCE-7058E0BA0E05}.Release|Any CPU.ActiveCfg = Release|Any CPU
		{C08C70DA-4426-0E15-EFCE-7058E0BA0E05}.Release|Any CPU.Build.0 = Release|Any CPU
		{182A5544-BDAA-9500-C3AF-B2DCDAAC4F06}.Debug|Any CPU.ActiveCfg = Debug|Any CPU
		{182A5544-BDAA-9500-C3AF-B2DCDAAC4F06}.Debug|Any CPU.Build.0 = Debug|Any CPU
		{182A5544-BDAA-9500-C3AF-B2DCDAAC4F06}.Release|Any CPU.ActiveCfg = Release|Any CPU
		{182A5544-BDAA-9500-C3AF-B2DCDAAC4F06}.Release|Any CPU.Build.0 = Release|Any CPU
		{F6D08B47-7421-5170-4407-EFEBBD58AE1B}.Debug|Any CPU.ActiveCfg = Debug|Any CPU
		{F6D08B47-7421-5170-4407-EFEBBD58AE1B}.Debug|Any CPU.Build.0 = Debug|Any CPU
		{F6D08B47-7421-5170-4407-EFEBBD58AE1B}.Release|Any CPU.ActiveCfg = Release|Any CPU
		{F6D08B47-7421-5170-4407-EFEBBD58AE1B}.Release|Any CPU.Build.0 = Release|Any CPU
		{1D859A69-2977-0762-6019-5F512D574364}.Debug|Any CPU.ActiveCfg = Debug|Any CPU
		{1D859A69-2977-0762-6019-5F512D574364}.Debug|Any CPU.Build.0 = Debug|Any CPU
		{1D859A69-2977-0762-6019-5F512D574364}.Release|Any CPU.ActiveCfg = Release|Any CPU
		{1D859A69-2977-0762-6019-5F512D574364}.Release|Any CPU.Build.0 = Release|Any CPU
		{C8D5B78C-44E8-66DE-69AA-EAE895DED3CF}.Debug|Any CPU.ActiveCfg = Debug|Any CPU
		{C8D5B78C-44E8-66DE-69AA-EAE895DED3CF}.Debug|Any CPU.Build.0 = Debug|Any CPU
		{C8D5B78C-44E8-66DE-69AA-EAE895DED3CF}.Release|Any CPU.ActiveCfg = Release|Any CPU
		{C8D5B78C-44E8-66DE-69AA-EAE895DED3CF}.Release|Any CPU.Build.0 = Release|Any CPU
		{5D4FB036-D8A9-B3C9-06CA-0D33392520C5}.Debug|Any CPU.ActiveCfg = Debug|Any CPU
		{5D4FB036-D8A9-B3C9-06CA-0D33392520C5}.Debug|Any CPU.Build.0 = Debug|Any CPU
		{5D4FB036-D8A9-B3C9-06CA-0D33392520C5}.Release|Any CPU.ActiveCfg = Release|Any CPU
		{5D4FB036-D8A9-B3C9-06CA-0D33392520C5}.Release|Any CPU.Build.0 = Release|Any CPU
		{F47374FD-BF78-24D4-EE31-5D2FD09B8A11}.Debug|Any CPU.ActiveCfg = Debug|Any CPU
		{F47374FD-BF78-24D4-EE31-5D2FD09B8A11}.Debug|Any CPU.Build.0 = Debug|Any CPU
		{F47374FD-BF78-24D4-EE31-5D2FD09B8A11}.Release|Any CPU.ActiveCfg = Release|Any CPU
		{F47374FD-BF78-24D4-EE31-5D2FD09B8A11}.Release|Any CPU.Build.0 = Release|Any CPU
		{0D997F57-DCE7-CB03-1318-A3A232D0F741}.Debug|Any CPU.ActiveCfg = Debug|Any CPU
		{0D997F57-DCE7-CB03-1318-A3A232D0F741}.Debug|Any CPU.Build.0 = Debug|Any CPU
		{0D997F57-DCE7-CB03-1318-A3A232D0F741}.Release|Any CPU.ActiveCfg = Release|Any CPU
		{0D997F57-DCE7-CB03-1318-A3A232D0F741}.Release|Any CPU.Build.0 = Release|Any CPU
		{2E98F1E2-8082-D419-C2D1-CCDAC0DC56F0}.Debug|Any CPU.ActiveCfg = Debug|Any CPU
		{2E98F1E2-8082-D419-C2D1-CCDAC0DC56F0}.Debug|Any CPU.Build.0 = Debug|Any CPU
		{2E98F1E2-8082-D419-C2D1-CCDAC0DC56F0}.Release|Any CPU.ActiveCfg = Release|Any CPU
		{2E98F1E2-8082-D419-C2D1-CCDAC0DC56F0}.Release|Any CPU.Build.0 = Release|Any CPU
		{99BCD6D4-BEB9-58D4-D9BE-10CF03F35FEC}.Debug|Any CPU.ActiveCfg = Debug|Any CPU
		{99BCD6D4-BEB9-58D4-D9BE-10CF03F35FEC}.Debug|Any CPU.Build.0 = Debug|Any CPU
		{99BCD6D4-BEB9-58D4-D9BE-10CF03F35FEC}.Release|Any CPU.ActiveCfg = Release|Any CPU
		{99BCD6D4-BEB9-58D4-D9BE-10CF03F35FEC}.Release|Any CPU.Build.0 = Release|Any CPU
	EndGlobalSection
	GlobalSection(SolutionProperties) = preSolution
		HideSolutionNode = FALSE
	EndGlobalSection
EndGlobal
